
Microsoft Visual Studio Solution File, Format Version 10.00
# Visual Studio 2008
Project("{F14B399A-7131-4C87-9E4B-1186C45EF12D}") = "Accounting", "Accounting.rptproj", "{7205F5BC-65ED-4F6C-A36A-4F750E9FB685}"
EndProject
Global
	GlobalSection(SolutionConfigurationPlatforms) = preSolution
		Debug|Default = Debug|Default
		DebugLocal|Default = DebugLocal|Default
		Production|Default = Production|Default
	EndGlobalSection
	GlobalSection(ProjectConfigurationPlatforms) = postSolution
		{7205F5BC-65ED-4F6C-A36A-4F750E9FB685}.Debug|Default.ActiveCfg = Debug
		{7205F5BC-65ED-4F6C-A36A-4F750E9FB685}.Debug|Default.Build.0 = DebugLocal
		{7205F5BC-65ED-4F6C-A36A-4F750E9FB685}.Debug|Default.Deploy.0 = DebugLocal
		{7205F5BC-65ED-4F6C-A36A-4F750E9FB685}.DebugLocal|Default.ActiveCfg = DebugLocal
		{7205F5BC-65ED-4F6C-A36A-4F750E9FB685}.DebugLocal|Default.Build.0 = DebugLocal
		{7205F5BC-65ED-4F6C-A36A-4F750E9FB685}.Production|Default.ActiveCfg = Production
		{7205F5BC-65ED-4F6C-A36A-4F750E9FB685}.Production|Default.Build.0 = Production
		{7205F5BC-65ED-4F6C-A36A-4F750E9FB685}.Production|Default.Deploy.0 = Production
	EndGlobalSection
	GlobalSection(SolutionProperties) = preSolution
		HideSolutionNode = FALSE
	EndGlobalSection
EndGlobal
