
Microsoft Visual Studio Solution File, Format Version 10.00
# Visual Studio 2008
Project("{F14B399A-7131-4C87-9E4B-1186C45EF12D}") = "Purchasing", "Purchasing.rptproj", "{6A42CB60-3B05-4B7E-B333-1294672ED1AD}"
EndProject
Global
	GlobalSection(SolutionConfigurationPlatforms) = preSolution
		Debug|Default = Debug|Default
		DebugLocal|Default = DebugLocal|Default
		Production|Default = Production|Default
	EndGlobalSection
	GlobalSection(ProjectConfigurationPlatforms) = postSolution
		{6A42CB60-3B05-4B7E-B333-1294672ED1AD}.Debug|Default.ActiveCfg = Debug
		{6A42CB60-3B05-4B7E-B333-1294672ED1AD}.Debug|Default.Build.0 = DebugLocal
		{6A42CB60-3B05-4B7E-B333-1294672ED1AD}.Debug|Default.Deploy.0 = DebugLocal
		{6A42CB60-3B05-4B7E-B333-1294672ED1AD}.DebugLocal|Default.ActiveCfg = DebugLocal
		{6A42CB60-3B05-4B7E-B333-1294672ED1AD}.DebugLocal|Default.Build.0 = DebugLocal
		{6A42CB60-3B05-4B7E-B333-1294672ED1AD}.DebugLocal|Default.Deploy.0 = DebugLocal
		{6A42CB60-3B05-4B7E-B333-1294672ED1AD}.Production|Default.ActiveCfg = Production
		{6A42CB60-3B05-4B7E-B333-1294672ED1AD}.Production|Default.Build.0 = Production
		{6A42CB60-3B05-4B7E-B333-1294672ED1AD}.Production|Default.Deploy.0 = Production
	EndGlobalSection
	GlobalSection(SolutionProperties) = preSolution
		HideSolutionNode = FALSE
	EndGlobalSection
EndGlobal
